
Microsoft Visual Studio Solution File, Format Version 12.00
# Visual Studio Version 17
VisualStudioVersion = 17.8.34330.188
MinimumVisualStudioVersion = 10.0.40219.1
Project("{9A19103F-16F7-4668-BE54-9A1E7A4F7556}") = "Sereno.Server", "Sereno.Server\Sereno.Server.csproj", "{EA780828-AA50-44E4-884A-1856AE64EE97}"
EndProject
Project("{54A90642-561A-4BB1-A94E-469ADEE60C69}") = "Sereno.Client", "sereno.client\Sereno.Client.esproj", "{A7662A35-B372-4423-8FEA-F3F1B29A2BDF}"
EndProject
Project("{9092AA53-FB77-4645-B42D-1CCCA6BD08BD}") = "Sereno.Icons", "Sereno.Icons\Sereno.Icons.njsproj", "{06EEA4E5-531B-4957-9B9D-0C7E69B3AF07}"
EndProject
Project("{9A19103F-16F7-4668-BE54-9A1E7A4F7556}") = "Sereno.Utilities.Markdown", "Sereno.Utilities.Markdown\Sereno.Utilities.Markdown.csproj", "{2C0CC24B-BDD0-4B21-B6F3-9243551B6238}"
EndProject
Project("{FAE04EC0-301F-11D3-BF4B-00C04F79EFBC}") = "Sereno.Office.Windows", "Sereno.Office.Windows\Sereno.Office.Windows.csproj", "{6D36D7C0-99FB-405D-91CB-76419F781161}"
EndProject
Project("{9A19103F-16F7-4668-BE54-9A1E7A4F7556}") = "Sereno.Database", "Sereno.Database\Sereno.Database.csproj", "{7711CA74-B270-4425-BC49-7ABA0D4C3ECB}"
EndProject
Project("{FAE04EC0-301F-11D3-BF4B-00C04F79EFBC}") = "Sereno.Communication", "Sereno.Communication\Sereno.Communication.csproj", "{2CE29608-94C1-404E-8E41-883A51808BE6}"
EndProject
Project("{FAE04EC0-301F-11D3-BF4B-00C04F79EFBC}") = "Sereno.Documentation.Builder", "Sereno.Documentation.Builder\Sereno.Documentation.Builder.csproj", "{D57C53D6-685B-446D-88B2-05E43CEDADDE}"
EndProject
Project("{FAE04EC0-301F-11D3-BF4B-00C04F79EFBC}") = "Sereno.Documentation.Dal", "Sereno.Documentation.Dal\Sereno.Documentation.Dal.csproj", "{EB430230-140A-4269-9F4A-AD9CFF36E97C}"
EndProject
Project("{FAE04EC0-301F-11D3-BF4B-00C04F79EFBC}") = "Sereno.Documentation.Test", "Sereno.Documentation.Test\Sereno.Documentation.Test.csproj", "{E2128E7E-5B20-485B-93D1-1EE12B21EC9F}"
EndProject
Project("{FAE04EC0-301F-11D3-BF4B-00C04F79EFBC}") = "Sereno.Database.Extensions", "Sereno.Database.Extensions\Sereno.Database.Extensions.csproj", "{FB3E6ED7-0A58-46E9-9472-6CB0E4B45EE5}"
EndProject
Project("{FAE04EC0-301F-11D3-BF4B-00C04F79EFBC}") = "Sereno.Database.TlDb1.Dal", "Sereno.Database.TlDb1.Dal\Sereno.Database.TlDb1.Dal.csproj", "{0FFD34DB-B0DF-405B-AFFE-A82B1B1644B9}"
EndProject
Project("{FAE04EC0-301F-11D3-BF4B-00C04F79EFBC}") = "Sereno.Database.TlDb1.Test", "Sereno.Database.TlDb1.Test\Sereno.Database.TlDb1.Test.csproj", "{AEC719FA-D32A-4115-918D-AF57FE3F7569}"
EndProject
Project("{FAE04EC0-301F-11D3-BF4B-00C04F79EFBC}") = "Sereno.Test.Extensions", "Sereno.Test.Extensions\Sereno.Test.Extensions.csproj", "{5EF6CB5C-7762-40E6-AE3A-D9C1876D1CBA}"
EndProject
Project("{FAE04EC0-301F-11D3-BF4B-00C04F79EFBC}") = "Sereno.Office.Test", "Sereno.Office.Test\Sereno.Office.Test.csproj", "{CA6AECF6-1815-476C-A0A6-932C7DF8583C}"
EndProject
Project("{FAE04EC0-301F-11D3-BF4B-00C04F79EFBC}") = "Sereno.Utilities", "Sereno.Utilities\Sereno.Utilities.csproj", "{5F90BA6B-18E7-F9C1-C860-34D04C1A0C7B}"
EndProject
Project("{FAE04EC0-301F-11D3-BF4B-00C04F79EFBC}") = "Sereno.Office.Word", "Sereno.Office.Word\Sereno.Office.Word.csproj", "{24BAF163-C512-8027-84E4-98EB08D3F6E7}"
EndProject
Project("{FAE04EC0-301F-11D3-BF4B-00C04F79EFBC}") = "Sereno.Office.Excel", "Sereno.Office.Excel\Sereno.Office.Excel.csproj", "{2EF22CE9-8339-476C-96BC-40BA7DBB4223}"
EndProject
Project("{54A90642-561A-4BB1-A94E-469ADEE60C69}") = "Sereno.Documentation.Client", "Sereno.Documentation.Client\Sereno.Documentation.Client.esproj", "{A327AA3D-E79E-8811-6998-8C96503CF7A4}"
EndProject
Project("{FAE04EC0-301F-11D3-BF4B-00C04F79EFBC}") = "Sereno.Documentation.Api", "Sereno.Documentation.Api\Sereno.Documentation.Api.csproj", "{5603BE91-4908-4580-9CAE-79A9C78DD129}"
EndProject
Project("{FAE04EC0-301F-11D3-BF4B-00C04F79EFBC}") = "Sereno.Documentation.Content", "Sereno.Documentation.Content\Sereno.Documentation.Content.csproj", "{71884475-F82A-436B-B3F9-ABE1AA7C184D}"
EndProject
Project("{FAE04EC0-301F-11D3-BF4B-00C04F79EFBC}") = "Sereno.Identity1.Dto", "Sereno.Identity1.Dto\Sereno.Identity1.Dto.csproj", "{9D0EEC12-08FF-CC61-5829-9B77357F2FB6}"
EndProject
Project("{FAE04EC0-301F-11D3-BF4B-00C04F79EFBC}") = "Sereno.Identity1.Dal", "Sereno.Identity1.Dal\Sereno.Identity1.Dal.csproj", "{FBAC2613-49B6-15BB-A68C-5944272583E7}"
EndProject
Project("{FAE04EC0-301F-11D3-BF4B-00C04F79EFBC}") = "Sereno.Identity1.Api", "Sereno.Identity1.Api\Sereno.Identity1.Api.csproj", "{69271E69-9511-CBBD-8529-DFB4D4EABE72}"
EndProject
Project("{FAE04EC0-301F-11D3-BF4B-00C04F79EFBC}") = "Sereno.System.Dal", "Sereno.System.Dal\Sereno.System.Dal.csproj", "{5CBC7906-FDEC-73F8-00C5-2359021B5D0F}"
EndProject
Project("{FAE04EC0-301F-11D3-BF4B-00C04F79EFBC}") = "Sereno.System.Api", "Sereno.System.Api\Sereno.System.Api.csproj", "{2F8F424A-481F-6521-1672-74B491480151}"
EndProject
Project("{FAE04EC0-301F-11D3-BF4B-00C04F79EFBC}") = "Sereno.System.Test", "Sereno.System.Test\Sereno.System.Test.csproj", "{6DD06DB1-BE40-4E88-8FCF-FAB438E5322B}"
EndProject
Global
	GlobalSection(SolutionConfigurationPlatforms) = preSolution
		Debug|Any CPU = Debug|Any CPU
		Release|Any CPU = Release|Any CPU
	EndGlobalSection
	GlobalSection(ProjectConfigurationPlatforms) = postSolution
		{EA780828-AA50-44E4-884A-1856AE64EE97}.Debug|Any CPU.ActiveCfg = Debug|Any CPU
		{EA780828-AA50-44E4-884A-1856AE64EE97}.Debug|Any CPU.Build.0 = Debug|Any CPU
		{EA780828-AA50-44E4-884A-1856AE64EE97}.Release|Any CPU.ActiveCfg = Release|Any CPU
		{EA780828-AA50-44E4-884A-1856AE64EE97}.Release|Any CPU.Build.0 = Release|Any CPU
		{A7662A35-B372-4423-8FEA-F3F1B29A2BDF}.Debug|Any CPU.ActiveCfg = Debug|Any CPU
		{A7662A35-B372-4423-8FEA-F3F1B29A2BDF}.Debug|Any CPU.Build.0 = Debug|Any CPU
		{A7662A35-B372-4423-8FEA-F3F1B29A2BDF}.Debug|Any CPU.Deploy.0 = Debug|Any CPU
		{A7662A35-B372-4423-8FEA-F3F1B29A2BDF}.Release|Any CPU.ActiveCfg = Release|Any CPU
		{A7662A35-B372-4423-8FEA-F3F1B29A2BDF}.Release|Any CPU.Build.0 = Release|Any CPU
		{A7662A35-B372-4423-8FEA-F3F1B29A2BDF}.Release|Any CPU.Deploy.0 = Release|Any CPU
		{06EEA4E5-531B-4957-9B9D-0C7E69B3AF07}.Debug|Any CPU.ActiveCfg = Debug|Any CPU
		{06EEA4E5-531B-4957-9B9D-0C7E69B3AF07}.Debug|Any CPU.Build.0 = Debug|Any CPU
		{06EEA4E5-531B-4957-9B9D-0C7E69B3AF07}.Release|Any CPU.ActiveCfg = Release|Any CPU
		{06EEA4E5-531B-4957-9B9D-0C7E69B3AF07}.Release|Any CPU.Build.0 = Release|Any CPU
		{2C0CC24B-BDD0-4B21-B6F3-9243551B6238}.Debug|Any CPU.ActiveCfg = Debug|Any CPU
		{2C0CC24B-BDD0-4B21-B6F3-9243551B6238}.Debug|Any CPU.Build.0 = Debug|Any CPU
		{2C0CC24B-BDD0-4B21-B6F3-9243551B6238}.Release|Any CPU.ActiveCfg = Release|Any CPU
		{2C0CC24B-BDD0-4B21-B6F3-9243551B6238}.Release|Any CPU.Build.0 = Release|Any CPU
		{6D36D7C0-99FB-405D-91CB-76419F781161}.Debug|Any CPU.ActiveCfg = Debug|Any CPU
		{6D36D7C0-99FB-405D-91CB-76419F781161}.Debug|Any CPU.Build.0 = Debug|Any CPU
		{6D36D7C0-99FB-405D-91CB-76419F781161}.Release|Any CPU.ActiveCfg = Release|Any CPU
		{6D36D7C0-99FB-405D-91CB-76419F781161}.Release|Any CPU.Build.0 = Release|Any CPU
		{7711CA74-B270-4425-BC49-7ABA0D4C3ECB}.Debug|Any CPU.ActiveCfg = Debug|Any CPU
		{7711CA74-B270-4425-BC49-7ABA0D4C3ECB}.Debug|Any CPU.Build.0 = Debug|Any CPU
		{7711CA74-B270-4425-BC49-7ABA0D4C3ECB}.Release|Any CPU.ActiveCfg = Release|Any CPU
		{7711CA74-B270-4425-BC49-7ABA0D4C3ECB}.Release|Any CPU.Build.0 = Release|Any CPU
		{2CE29608-94C1-404E-8E41-883A51808BE6}.Debug|Any CPU.ActiveCfg = Debug|Any CPU
		{2CE29608-94C1-404E-8E41-883A51808BE6}.Debug|Any CPU.Build.0 = Debug|Any CPU
		{2CE29608-94C1-404E-8E41-883A51808BE6}.Release|Any CPU.ActiveCfg = Release|Any CPU
		{2CE29608-94C1-404E-8E41-883A51808BE6}.Release|Any CPU.Build.0 = Release|Any CPU
		{D57C53D6-685B-446D-88B2-05E43CEDADDE}.Debug|Any CPU.ActiveCfg = Debug|Any CPU
		{D57C53D6-685B-446D-88B2-05E43CEDADDE}.Debug|Any CPU.Build.0 = Debug|Any CPU
		{D57C53D6-685B-446D-88B2-05E43CEDADDE}.Release|Any CPU.ActiveCfg = Release|Any CPU
		{D57C53D6-685B-446D-88B2-05E43CEDADDE}.Release|Any CPU.Build.0 = Release|Any CPU
		{EB430230-140A-4269-9F4A-AD9CFF36E97C}.Debug|Any CPU.ActiveCfg = Debug|Any CPU
		{EB430230-140A-4269-9F4A-AD9CFF36E97C}.Debug|Any CPU.Build.0 = Debug|Any CPU
		{EB430230-140A-4269-9F4A-AD9CFF36E97C}.Release|Any CPU.ActiveCfg = Release|Any CPU
		{EB430230-140A-4269-9F4A-AD9CFF36E97C}.Release|Any CPU.Build.0 = Release|Any CPU
		{E2128E7E-5B20-485B-93D1-1EE12B21EC9F}.Debug|Any CPU.ActiveCfg = Debug|Any CPU
		{E2128E7E-5B20-485B-93D1-1EE12B21EC9F}.Debug|Any CPU.Build.0 = Debug|Any CPU
		{E2128E7E-5B20-485B-93D1-1EE12B21EC9F}.Release|Any CPU.ActiveCfg = Release|Any CPU
		{E2128E7E-5B20-485B-93D1-1EE12B21EC9F}.Release|Any CPU.Build.0 = Release|Any CPU
		{FB3E6ED7-0A58-46E9-9472-6CB0E4B45EE5}.Debug|Any CPU.ActiveCfg = Debug|Any CPU
		{FB3E6ED7-0A58-46E9-9472-6CB0E4B45EE5}.Debug|Any CPU.Build.0 = Debug|Any CPU
		{FB3E6ED7-0A58-46E9-9472-6CB0E4B45EE5}.Release|Any CPU.ActiveCfg = Release|Any CPU
		{FB3E6ED7-0A58-46E9-9472-6CB0E4B45EE5}.Release|Any CPU.Build.0 = Release|Any CPU
		{0FFD34DB-B0DF-405B-AFFE-A82B1B1644B9}.Debug|Any CPU.ActiveCfg = Debug|Any CPU
		{0FFD34DB-B0DF-405B-AFFE-A82B1B1644B9}.Debug|Any CPU.Build.0 = Debug|Any CPU
		{0FFD34DB-B0DF-405B-AFFE-A82B1B1644B9}.Release|Any CPU.ActiveCfg = Release|Any CPU
		{0FFD34DB-B0DF-405B-AFFE-A82B1B1644B9}.Release|Any CPU.Build.0 = Release|Any CPU
		{AEC719FA-D32A-4115-918D-AF57FE3F7569}.Debug|Any CPU.ActiveCfg = Debug|Any CPU
		{AEC719FA-D32A-4115-918D-AF57FE3F7569}.Debug|Any CPU.Build.0 = Debug|Any CPU
		{AEC719FA-D32A-4115-918D-AF57FE3F7569}.Release|Any CPU.ActiveCfg = Release|Any CPU
		{AEC719FA-D32A-4115-918D-AF57FE3F7569}.Release|Any CPU.Build.0 = Release|Any CPU
		{5EF6CB5C-7762-40E6-AE3A-D9C1876D1CBA}.Debug|Any CPU.ActiveCfg = Debug|Any CPU
		{5EF6CB5C-7762-40E6-AE3A-D9C1876D1CBA}.Debug|Any CPU.Build.0 = Debug|Any CPU
		{5EF6CB5C-7762-40E6-AE3A-D9C1876D1CBA}.Release|Any CPU.ActiveCfg = Release|Any CPU
		{5EF6CB5C-7762-40E6-AE3A-D9C1876D1CBA}.Release|Any CPU.Build.0 = Release|Any CPU
		{CA6AECF6-1815-476C-A0A6-932C7DF8583C}.Debug|Any CPU.ActiveCfg = Debug|Any CPU
		{CA6AECF6-1815-476C-A0A6-932C7DF8583C}.Debug|Any CPU.Build.0 = Debug|Any CPU
		{CA6AECF6-1815-476C-A0A6-932C7DF8583C}.Release|Any CPU.ActiveCfg = Release|Any CPU
		{CA6AECF6-1815-476C-A0A6-932C7DF8583C}.Release|Any CPU.Build.0 = Release|Any CPU
		{5F90BA6B-18E7-F9C1-C860-34D04C1A0C7B}.Debug|Any CPU.ActiveCfg = Debug|Any CPU
		{5F90BA6B-18E7-F9C1-C860-34D04C1A0C7B}.Debug|Any CPU.Build.0 = Debug|Any CPU
		{5F90BA6B-18E7-F9C1-C860-34D04C1A0C7B}.Release|Any CPU.ActiveCfg = Release|Any CPU
		{5F90BA6B-18E7-F9C1-C860-34D04C1A0C7B}.Release|Any CPU.Build.0 = Release|Any CPU
		{24BAF163-C512-8027-84E4-98EB08D3F6E7}.Debug|Any CPU.ActiveCfg = Debug|Any CPU
		{24BAF163-C512-8027-84E4-98EB08D3F6E7}.Debug|Any CPU.Build.0 = Debug|Any CPU
		{24BAF163-C512-8027-84E4-98EB08D3F6E7}.Release|Any CPU.ActiveCfg = Release|Any CPU
		{24BAF163-C512-8027-84E4-98EB08D3F6E7}.Release|Any CPU.Build.0 = Release|Any CPU
		{2EF22CE9-8339-476C-96BC-40BA7DBB4223}.Debug|Any CPU.ActiveCfg = Debug|Any CPU
		{2EF22CE9-8339-476C-96BC-40BA7DBB4223}.Debug|Any CPU.Build.0 = Debug|Any CPU
		{2EF22CE9-8339-476C-96BC-40BA7DBB4223}.Release|Any CPU.ActiveCfg = Release|Any CPU
		{2EF22CE9-8339-476C-96BC-40BA7DBB4223}.Release|Any CPU.Build.0 = Release|Any CPU
		{A327AA3D-E79E-8811-6998-8C96503CF7A4}.Debug|Any CPU.ActiveCfg = Debug|Any CPU
		{A327AA3D-E79E-8811-6998-8C96503CF7A4}.Debug|Any CPU.Build.0 = Debug|Any CPU
		{A327AA3D-E79E-8811-6998-8C96503CF7A4}.Debug|Any CPU.Deploy.0 = Debug|Any CPU
		{A327AA3D-E79E-8811-6998-8C96503CF7A4}.Release|Any CPU.ActiveCfg = Release|Any CPU
		{A327AA3D-E79E-8811-6998-8C96503CF7A4}.Release|Any CPU.Build.0 = Release|Any CPU
		{A327AA3D-E79E-8811-6998-8C96503CF7A4}.Release|Any CPU.Deploy.0 = Release|Any CPU
		{5603BE91-4908-4580-9CAE-79A9C78DD129}.Debug|Any CPU.ActiveCfg = Debug|Any CPU
		{5603BE91-4908-4580-9CAE-79A9C78DD129}.Debug|Any CPU.Build.0 = Debug|Any CPU
		{5603BE91-4908-4580-9CAE-79A9C78DD129}.Release|Any CPU.ActiveCfg = Release|Any CPU
		{5603BE91-4908-4580-9CAE-79A9C78DD129}.Release|Any CPU.Build.0 = Release|Any CPU
		{71884475-F82A-436B-B3F9-ABE1AA7C184D}.Debug|Any CPU.ActiveCfg = Debug|Any CPU
		{71884475-F82A-436B-B3F9-ABE1AA7C184D}.Debug|Any CPU.Build.0 = Debug|Any CPU
		{71884475-F82A-436B-B3F9-ABE1AA7C184D}.Release|Any CPU.ActiveCfg = Release|Any CPU
		{71884475-F82A-436B-B3F9-ABE1AA7C184D}.Release|Any CPU.Build.0 = Release|Any CPU
		{9D0EEC12-08FF-CC61-5829-9B77357F2FB6}.Debug|Any CPU.ActiveCfg = Debug|Any CPU
		{9D0EEC12-08FF-CC61-5829-9B77357F2FB6}.Debug|Any CPU.Build.0 = Debug|Any CPU
		{9D0EEC12-08FF-CC61-5829-9B77357F2FB6}.Release|Any CPU.ActiveCfg = Release|Any CPU
		{9D0EEC12-08FF-CC61-5829-9B77357F2FB6}.Release|Any CPU.Build.0 = Release|Any CPU
		{FBAC2613-49B6-15BB-A68C-5944272583E7}.Debug|Any CPU.ActiveCfg = Debug|Any CPU
		{FBAC2613-49B6-15BB-A68C-5944272583E7}.Debug|Any CPU.Build.0 = Debug|Any CPU
		{FBAC2613-49B6-15BB-A68C-5944272583E7}.Release|Any CPU.ActiveCfg = Release|Any CPU
		{FBAC2613-49B6-15BB-A68C-5944272583E7}.Release|Any CPU.Build.0 = Release|Any CPU
		{69271E69-9511-CBBD-8529-DFB4D4EABE72}.Debug|Any CPU.ActiveCfg = Debug|Any CPU
		{69271E69-9511-CBBD-8529-DFB4D4EABE72}.Debug|Any CPU.Build.0 = Debug|Any CPU
		{69271E69-9511-CBBD-8529-DFB4D4EABE72}.Release|Any CPU.ActiveCfg = Release|Any CPU
		{69271E69-9511-CBBD-8529-DFB4D4EABE72}.Release|Any CPU.Build.0 = Release|Any CPU
		{5CBC7906-FDEC-73F8-00C5-2359021B5D0F}.Debug|Any CPU.ActiveCfg = Debug|Any CPU
		{5CBC7906-FDEC-73F8-00C5-2359021B5D0F}.Debug|Any CPU.Build.0 = Debug|Any CPU
		{5CBC7906-FDEC-73F8-00C5-2359021B5D0F}.Release|Any CPU.ActiveCfg = Release|Any CPU
		{5CBC7906-FDEC-73F8-00C5-2359021B5D0F}.Release|Any CPU.Build.0 = Release|Any CPU
		{2F8F424A-481F-6521-1672-74B491480151}.Debug|Any CPU.ActiveCfg = Debug|Any CPU
		{2F8F424A-481F-6521-1672-74B491480151}.Debug|Any CPU.Build.0 = Debug|Any CPU
		{2F8F424A-481F-6521-1672-74B491480151}.Release|Any CPU.ActiveCfg = Release|Any CPU
		{2F8F424A-481F-6521-1672-74B491480151}.Release|Any CPU.Build.0 = Release|Any CPU
		{6DD06DB1-BE40-4E88-8FCF-FAB438E5322B}.Debug|Any CPU.ActiveCfg = Debug|Any CPU
		{6DD06DB1-BE40-4E88-8FCF-FAB438E5322B}.Debug|Any CPU.Build.0 = Debug|Any CPU
		{6DD06DB1-BE40-4E88-8FCF-FAB438E5322B}.Release|Any CPU.ActiveCfg = Release|Any CPU
		{6DD06DB1-BE40-4E88-8FCF-FAB438E5322B}.Release|Any CPU.Build.0 = Release|Any CPU
	EndGlobalSection
	GlobalSection(SolutionProperties) = preSolution
		HideSolutionNode = FALSE
	EndGlobalSection
	GlobalSection(ExtensibilityGlobals) = postSolution
		SolutionGuid = {F4643715-98E4-4DEC-BAFD-99BBCB302361}
	EndGlobalSection
EndGlobal
